# This file was autogenerated by Stack.
# You should not edit this file by hand.
# For more information, please see the documentation at:
#   https://docs.haskellstack.org/en/stable/lock_files

packages:
- completed:
    name: fltkhs
    version: 0.8.0.3
    git: /home/deech/Haskell/fltkhs
    pantry-tree:
      size: 27851
      sha256: 6c3b5f4262290b1a2b871e69047e8290cb608e30e38d484eb09556f95318a9ab
    commit: 652c262c72df0014a9de4c8ae7d234e07505584a
  original:
    git: /home/deech/Haskell/fltkhs
    commit: 652c262c72df0014a9de4c8ae7d234e07505584a
- completed:
    name: fltkhs-fluidtohs
    version: 0.1.0.0
    git: /home/deech/Haskell/fltkhs-fluidtohs
    pantry-tree:
      size: 789
      sha256: 5236fcd86cf1e2c8c7485f0a9566b948f24393a9f2394388a41229a6262f1740
    commit: 5c0d3be266a020c1babe31b4a642ffa1273cff42
  original:
    git: /home/deech/Haskell/fltkhs-fluidtohs
    commit: 5c0d3be266a020c1babe31b4a642ffa1273cff42
snapshots:
- completed:
    size: 514372
    url: https://raw.githubusercontent.com/commercialhaskell/stackage-snapshots/master/nightly/2020/7/23.yaml
    sha256: 69116045cbbf4718c8e014619a55c4794ab270b5c88be150440608eff2249507
  original: nightly-2020-07-23
