# This file was autogenerated by Stack.
# You should not edit this file by hand.
# For more information, please see the documentation at:
#   https://docs.haskellstack.org/en/stable/lock_files

packages:
- completed:
    name: fltkhs
    version: 0.8.0.3
    git: /home/deech/Haskell/fltkhs
    pantry-tree:
      size: 34346
      sha256: 935d51d0a9794ff772b828e589009a7efff84d9a252525d11f7aa7716b151d8e
    commit: df7c8125dae714451dde78b44b6aa324c15eaf94
  original:
    git: /home/deech/Haskell/fltkhs
    commit: df7c8125dae714451dde78b44b6aa324c15eaf94
snapshots:
- completed:
    size: 514372
    url: https://raw.githubusercontent.com/commercialhaskell/stackage-snapshots/master/nightly/2020/7/23.yaml
    sha256: 69116045cbbf4718c8e014619a55c4794ab270b5c88be150440608eff2249507
  original: nightly-2020-07-23
